{
  "requires": true,
  "lockfileVersion": 1,
  "dependencies": {
    "async-limiter": {
      "version": "1.0.0",
      "resolved": "https://registry.npmjs.org/async-limiter/-/async-limiter-1.0.0.tgz",
      "integrity": "sha512-jp/uFnooOiO+L211eZOoSyzpOITMXx1rBITauYykG3BRYPu8h0UcxsPNB04RR5vo4Tyz3+ay17tR6JVf9qzYWg=="
    },
    "cjopus": {
      "version": "0.0.4",
      "resolved": "https://registry.npmjs.org/cjopus/-/cjopus-0.0.4.tgz",
      "integrity": "sha1-RvPPyWuD99eERt6LTP2ZS1iJqaA="
    },
    "cryptobox": {
      "version": "0.0.2",
      "resolved": "https://registry.npmjs.org/cryptobox/-/cryptobox-0.0.2.tgz",
      "integrity": "sha1-OyR07TMDE1aBZ/FZS2FRvw5dxQM="
    },
    "discord-anti-spam": {
      "version": "1.1.6",
      "resolved": "https://registry.npmjs.org/discord-anti-spam/-/discord-anti-spam-1.1.6.tgz",
      "integrity": "sha512-251YHTOUSE/eKdDENdh1x+Om3oaPvzbyVqS7rv9qHo094syd/GYHEIxYeGiOFwG/2cVUBFi07mWdNbYYTflrYw=="
    },
    "discord.io": {
      "version": "2.5.3",
      "resolved": "https://registry.npmjs.org/discord.io/-/discord.io-2.5.3.tgz",
      "integrity": "sha1-otudqkBXgxpY7Mp177lAt3mdQ18=",
      "requires": {
        "cjopus": "^0.0.4",
        "tweetnacl": "^0.14.0",
        "ws": "^1.1.0"
      },
      "dependencies": {
        "tweetnacl": {
          "version": "0.14.5",
          "resolved": "https://registry.npmjs.org/tweetnacl/-/tweetnacl-0.14.5.tgz",
          "integrity": "sha1-WuaBd/GS1EViadEIr6k/+HQ/T2Q="
        },
        "ws": {
          "version": "1.1.5",
          "resolved": "https://registry.npmjs.org/ws/-/ws-1.1.5.tgz",
          "integrity": "sha512-o3KqipXNUdS7wpQzBHSe180lBGO60SoK0yVo3CYJgb2MkobuWuBX6dhkYP5ORCLd55y+SaflMOV5fqAB53ux4w==",
          "requires": {
            "options": ">=0.0.5",
            "ultron": "1.0.x"
          }
        }
      }
    },
    "discord.js": {
      "version": "11.4.2",
      "resolved": "https://registry.npmjs.org/discord.js/-/discord.js-11.4.2.tgz",
      "integrity": "sha512-MDwpu0lMFTjqomijDl1Ed9miMQe6kB4ifKdP28QZllmLv/HVOJXhatRgjS8urp/wBlOfx+qAYSXcdI5cKGYsfg==",
      "requires": {
        "long": "^4.0.0",
        "prism-media": "^0.0.3",
        "snekfetch": "^3.6.4",
        "tweetnacl": "^1.0.0",
        "ws": "^4.0.0"
      }
    },
    "html-entities": {
      "version": "1.2.1",
      "resolved": "https://registry.npmjs.org/html-entities/-/html-entities-1.2.1.tgz",
      "integrity": "sha1-DfKTUfByEWNRXfueVUPl9u7VFi8="
    },
    "int53": {
      "version": "0.2.4",
      "resolved": "https://registry.npmjs.org/int53/-/int53-0.2.4.tgz",
      "integrity": "sha1-XtjXqtbFxlZ8rmmqf/xKEJ7oD4Y="
    },
    "libsodium": {
      "version": "0.7.4",
      "resolved": "https://registry.npmjs.org/libsodium/-/libsodium-0.7.4.tgz",
      "integrity": "sha512-fTU3vUdrxQzhPAAjmTSqKk4LzYbR0OtcYjp1P92AlH50JIxXZFEIXWh1yryCmU6RLGfwS2IzBdZjbmpYf/TlyQ=="
    },
    "long": {
      "version": "4.0.0",
      "resolved": "https://registry.npmjs.org/long/-/long-4.0.0.tgz",
      "integrity": "sha512-XsP+KhQif4bjX1kbuSiySJFNAehNxgLb6hPRGJ9QsUr8ajHkuXGdrHmFUTUUXhDwVX2R5bY4JNZEwbUiMhV+MA=="
    },
    "m3u8stream": {
      "version": "0.6.2",
      "resolved": "https://registry.npmjs.org/m3u8stream/-/m3u8stream-0.6.2.tgz",
      "integrity": "sha512-WsuM2bd5pPN80xvfrB+1DZqr4M7+kJl8byi6+ZCy6cmVjEiHhmr/desN53Ngsa6Hs13kYumeVgT4wL0oIJ+v6g==",
      "requires": {
        "miniget": "^1.4.0",
        "sax": "^1.2.4"
      }
    },
    "miniget": {
      "version": "1.5.1",
      "resolved": "https://registry.npmjs.org/miniget/-/miniget-1.5.1.tgz",
      "integrity": "sha512-KJ3AyIVZ76QuWAq43BWjkK+jLdhxhy3s4tsdg9Je91+cIFkeOSW2VEj2lSeKw50CPu1eCCkSbiQEBKL36mpA5w=="
    },
    "moment": {
      "version": "2.24.0",
      "resolved": "https://registry.npmjs.org/moment/-/moment-2.24.0.tgz",
      "integrity": "sha512-bV7f+6l2QigeBBZSM/6yTNq4P2fNpSWj/0e7jQcy87A8e7o2nAfP/34/2ky5Vw4B9S446EtIhodAzkFCcR4dQg=="
    },
    "options": {
      "version": "0.0.6",
      "resolved": "https://registry.npmjs.org/options/-/options-0.0.6.tgz",
      "integrity": "sha1-7CLTEoBrtT5zF3Pnza788cZDEo8="
    },
    "opusscript": {
      "version": "0.0.6",
      "resolved": "https://registry.npmjs.org/opusscript/-/opusscript-0.0.6.tgz",
      "integrity": "sha512-F7nx1SWZCD5Rq2W+5Fx39HlkRkz/5Zqt0LglEB9uHexk8HjedDEiM+u/Y2rBfDFcS/0uQIWu2lJhw+Gjsta+cA=="
    },
    "prism-media": {
      "version": "0.0.3",
      "resolved": "https://registry.npmjs.org/prism-media/-/prism-media-0.0.3.tgz",
      "integrity": "sha512-c9KkNifSMU/iXT8FFTaBwBMr+rdVcN+H/uNv1o+CuFeTThNZNTOrQ+RgXA1yL/DeLk098duAeRPP3QNPNbhxYQ=="
    },
    "safe-buffer": {
      "version": "5.1.2",
      "resolved": "https://registry.npmjs.org/safe-buffer/-/safe-buffer-5.1.2.tgz",
      "integrity": "sha512-Gd2UZBJDkXlY7GbJxfsE8/nvKkUEU1G38c1siN6QP6a9PT9MmHB8GnpscSmMJSoF8LOIrt8ud/wPtojys4G6+g=="
    },
    "sax": {
      "version": "1.2.4",
      "resolved": "https://registry.npmjs.org/sax/-/sax-1.2.4.tgz",
      "integrity": "sha512-NqVDv9TpANUjFm0N8uM5GxL36UgKi9/atZw+x7YFnQ8ckwFGKrl4xX4yWtrey3UJm5nP1kUbnYgLopqWNSRhWw=="
    },
    "scryptsy": {
      "version": "2.0.0",
      "resolved": "https://registry.npmjs.org/scryptsy/-/scryptsy-2.0.0.tgz",
      "integrity": "sha1-Jiw28CMc+nZU4jY/o5TNLexm83g="
    },
    "secret-box": {
      "version": "0.1.1",
      "resolved": "https://registry.npmjs.org/secret-box/-/secret-box-0.1.1.tgz",
      "integrity": "sha1-Haufle1mS5M+q5iwXQgxIQ9xu1U=",
      "requires": {
        "scryptsy": "^2.0.0",
        "varstruct": "^5.2.0"
      }
    },
    "snekfetch": {
      "version": "3.6.4",
      "resolved": "https://registry.npmjs.org/snekfetch/-/snekfetch-3.6.4.tgz",
      "integrity": "sha512-NjxjITIj04Ffqid5lqr7XdgwM7X61c/Dns073Ly170bPQHLm6jkmelye/eglS++1nfTWktpP6Y2bFXjdPlQqdw=="
    },
    "tweetnacl": {
      "version": "1.0.0",
      "resolved": "https://registry.npmjs.org/tweetnacl/-/tweetnacl-1.0.0.tgz",
      "integrity": "sha1-cT2LgY2kIGh0C/aDhtBHnmb8ins="
    },
    "ultron": {
      "version": "1.0.2",
      "resolved": "https://registry.npmjs.org/ultron/-/ultron-1.0.2.tgz",
      "integrity": "sha1-rOEWq1V80Zc4ak6I9GhTeMiy5Po="
    },
    "varstruct": {
      "version": "5.3.0",
      "resolved": "https://registry.npmjs.org/varstruct/-/varstruct-5.3.0.tgz",
      "integrity": "sha1-1RtT4gMW0K/dtUz3yt6JTmKPHLU=",
      "requires": {
        "int53": "^0.2.4"
      }
    },
    "ws": {
      "version": "4.1.0",
      "resolved": "http://registry.npmjs.org/ws/-/ws-4.1.0.tgz",
      "integrity": "sha512-ZGh/8kF9rrRNffkLFV4AzhvooEclrOH0xaugmqGsIfFgOE/pIz4fMc4Ef+5HSQqTEug2S9JZIWDR47duDSLfaA==",
      "requires": {
        "async-limiter": "~1.0.0",
        "safe-buffer": "~5.1.0"
      }
    },
    "ytdl-core": {
      "version": "0.29.1",
      "resolved": "https://registry.npmjs.org/ytdl-core/-/ytdl-core-0.29.1.tgz",
      "integrity": "sha512-J/TW3rupqE6y+TczHTTFjuwf23tweA9fasmnbU/5yYH0O2IRFLcwgHbbvEPt3t8mtXWGX207+TWH7uuJpB1FKQ==",
      "requires": {
        "html-entities": "^1.1.3",
        "m3u8stream": "^0.6.2",
        "miniget": "^1.4.0",
        "sax": "^1.1.3"
      }
    }
  }
}
